Microsoft Visual Studio Solution File, Format Version 11.00
# Visual Studio 2008

Project("{45E064F8-3243-5BBC-C69D-EED872CD20B6}") = "Gardening", "Assembly-CSharp.csproj", "{60310CE8-B71C-8E4F-0D78-0801085EF520}"
EndProject
Project("{45E064F8-3243-5BBC-C69D-EED872CD20B6}") = "Gardening", "Assembly-CSharp-Editor.csproj", "{4C46770B-A82C-8CAC-1518-882311DB41EE}"
EndProject
Global
	GlobalSection(SolutionConfigurationPlatforms) = preSolution
		Debug|Any CPU = Debug|Any CPU
		Release|Any CPU = Release|Any CPU
	EndGlobalSection
	GlobalSection(ProjectConfigurationPlatforms) = postSolution
		{60310CE8-B71C-8E4F-0D78-0801085EF520}.Debug|Any CPU.ActiveCfg = Debug|Any CPU
		{60310CE8-B71C-8E4F-0D78-0801085EF520}.Debug|Any CPU.Build.0 = Debug|Any CPU
		{60310CE8-B71C-8E4F-0D78-0801085EF520}.Release|Any CPU.ActiveCfg = Release|Any CPU
		{60310CE8-B71C-8E4F-0D78-0801085EF520}.Release|Any CPU.Build.0 = Release|Any CPU
		{4C46770B-A82C-8CAC-1518-882311DB41EE}.Debug|Any CPU.ActiveCfg = Debug|Any CPU
		{4C46770B-A82C-8CAC-1518-882311DB41EE}.Debug|Any CPU.Build.0 = Debug|Any CPU
		{4C46770B-A82C-8CAC-1518-882311DB41EE}.Release|Any CPU.ActiveCfg = Release|Any CPU
		{4C46770B-A82C-8CAC-1518-882311DB41EE}.Release|Any CPU.Build.0 = Release|Any CPU
	EndGlobalSection
	GlobalSection(SolutionProperties) = preSolution
		HideSolutionNode = FALSE
	EndGlobalSection
	GlobalSection(MonoDevelopProperties) = preSolution
		StartupItem = Assembly-CSharp.csproj
	EndGlobalSection
EndGlobal
